
Microsoft Visual Studio Solution File, Format Version 12.00
# Visual Studio 15
VisualStudioVersion = 15.0.26730.15
MinimumVisualStudioVersion = 10.0.40219.1
Project("{FAE04EC0-301F-11D3-BF4B-00C04F79EFBC}") = "SampleProject", "SampleProject\SampleProject.csproj", "{45CEF37E-10B4-40BB-9718-D99190F36ED8}"
EndProject
Global
	GlobalSection(SolutionConfigurationPlatforms) = preSolution
		Debug|Any CPU = Debug|Any CPU
		Release|Any CPU = Release|Any CPU
	EndGlobalSection
	GlobalSection(ProjectConfigurationPlatforms) = postSolution
		{45CEF37E-10B4-40BB-9718-D99190F36ED8}.Debug|Any CPU.ActiveCfg = Debug|Any CPU
		{45CEF37E-10B4-40BB-9718-D99190F36ED8}.Debug|Any CPU.Build.0 = Debug|Any CPU
		{45CEF37E-10B4-40BB-9718-D99190F36ED8}.Release|Any CPU.ActiveCfg = Release|Any CPU
		{45CEF37E-10B4-40BB-9718-D99190F36ED8}.Release|Any CPU.Build.0 = Release|Any CPU
	EndGlobalSection
	GlobalSection(SolutionProperties) = preSolution
		HideSolutionNode = FALSE
	EndGlobalSection
	GlobalSection(ExtensibilityGlobals) = postSolution
		SolutionGuid = {6B6835FC-99E9-4881-8A74-914E9A55565B}
	EndGlobalSection
EndGlobal
